set_global_assignment -name LAST_QUARTUS_VERSION 13.1
set_global_assignment -name TOP_LEVEL_ENTITY alt_e40_avalon_top_a10
set_global_assignment -name SDC_FILE ./common/common_timing.sdc
set_global_assignment -name VERILOG_FILE alt_e40_avalon_top_a10.v
set_global_assignment -name QIP_FILE ../../../ENET_ENTITY_QMEGA_06072013.qip
set_global_assignment -name QIP_FILE ./common/alt_e40_example_common.qip
source ./common/common_settings_a10.qsf

